
Microsoft Visual Studio Solution File, Format Version 12.00
# Visual Studio Version 17
VisualStudioVersion = 17.5.002.0
MinimumVisualStudioVersion = 10.0.40219.1
Project("{9A19103F-16F7-4668-BE54-9A1E7A4F7556}") = "Greece", "Greece\Greece.csproj", "{D4F63D9B-77B7-4B11-B0D8-55754021613F}"
EndProject
Project("{9A19103F-16F7-4668-BE54-9A1E7A4F7556}") = "ZEUS", "ZEUS\ZEUS.csproj", "{6DA96F69-85E1-45BD-8116-1C487DCA465A}"
EndProject
Global
	GlobalSection(SolutionConfigurationPlatforms) = preSolution
		Debug|Any CPU = Debug|Any CPU
		Release|Any CPU = Release|Any CPU
	EndGlobalSection
	GlobalSection(ProjectConfigurationPlatforms) = postSolution
		{D4F63D9B-77B7-4B11-B0D8-55754021613F}.Debug|Any CPU.ActiveCfg = Debug|Any CPU
		{D4F63D9B-77B7-4B11-B0D8-55754021613F}.Debug|Any CPU.Build.0 = Debug|Any CPU
		{D4F63D9B-77B7-4B11-B0D8-55754021613F}.Release|Any CPU.ActiveCfg = Release|Any CPU
		{D4F63D9B-77B7-4B11-B0D8-55754021613F}.Release|Any CPU.Build.0 = Release|Any CPU
		{6DA96F69-85E1-45BD-8116-1C487DCA465A}.Debug|Any CPU.ActiveCfg = Debug|Any CPU
		{6DA96F69-85E1-45BD-8116-1C487DCA465A}.Debug|Any CPU.Build.0 = Debug|Any CPU
		{6DA96F69-85E1-45BD-8116-1C487DCA465A}.Release|Any CPU.ActiveCfg = Release|Any CPU
		{6DA96F69-85E1-45BD-8116-1C487DCA465A}.Release|Any CPU.Build.0 = Release|Any CPU
	EndGlobalSection
	GlobalSection(SolutionProperties) = preSolution
		HideSolutionNode = FALSE
	EndGlobalSection
	GlobalSection(ExtensibilityGlobals) = postSolution
		SolutionGuid = {6E342525-7DA1-48ED-BD4D-69399CDAABFB}
	EndGlobalSection
EndGlobal
