
Microsoft Visual Studio Solution File, Format Version 12.00
# Visual Studio Version 17
VisualStudioVersion = 17.5.002.0
MinimumVisualStudioVersion = 10.0.40219.1
Project("{9A19103F-16F7-4668-BE54-9A1E7A4F7556}") = "Greece", "Greece\Greece.csproj", "{5914508E-EDB5-4B19-9D6E-FCCCD2FDCE43}"
EndProject
Project("{9A19103F-16F7-4668-BE54-9A1E7A4F7556}") = "ZEUS", "ZEUS\ZEUS.csproj", "{85542FA6-FF53-4DBE-B80B-750C90DD35B7}"
EndProject
Global
	GlobalSection(SolutionConfigurationPlatforms) = preSolution
		Debug|Any CPU = Debug|Any CPU
		Release|Any CPU = Release|Any CPU
	EndGlobalSection
	GlobalSection(ProjectConfigurationPlatforms) = postSolution
		{5914508E-EDB5-4B19-9D6E-FCCCD2FDCE43}.Debug|Any CPU.ActiveCfg = Debug|Any CPU
		{5914508E-EDB5-4B19-9D6E-FCCCD2FDCE43}.Debug|Any CPU.Build.0 = Debug|Any CPU
		{5914508E-EDB5-4B19-9D6E-FCCCD2FDCE43}.Release|Any CPU.ActiveCfg = Release|Any CPU
		{5914508E-EDB5-4B19-9D6E-FCCCD2FDCE43}.Release|Any CPU.Build.0 = Release|Any CPU
		{85542FA6-FF53-4DBE-B80B-750C90DD35B7}.Debug|Any CPU.ActiveCfg = Debug|Any CPU
		{85542FA6-FF53-4DBE-B80B-750C90DD35B7}.Debug|Any CPU.Build.0 = Debug|Any CPU
		{85542FA6-FF53-4DBE-B80B-750C90DD35B7}.Release|Any CPU.ActiveCfg = Release|Any CPU
		{85542FA6-FF53-4DBE-B80B-750C90DD35B7}.Release|Any CPU.Build.0 = Release|Any CPU
	EndGlobalSection
	GlobalSection(SolutionProperties) = preSolution
		HideSolutionNode = FALSE
	EndGlobalSection
	GlobalSection(ExtensibilityGlobals) = postSolution
		SolutionGuid = {D03D44DE-7E99-4C23-BAB8-2E91B56BD5C8}
	EndGlobalSection
EndGlobal
