
Microsoft Visual Studio Solution File, Format Version 12.00
# Visual Studio Version 17
VisualStudioVersion = 17.5.002.0
MinimumVisualStudioVersion = 10.0.40219.1
Project("{9A19103F-16F7-4668-BE54-9A1E7A4F7556}") = "Greece", "Greece\Greece.csproj", "{D0EACACA-ADBF-4070-ABE8-136A152C207B}"
EndProject
Project("{2150E333-8FDC-42A3-9474-1A3956D46DE8}") = "ZEUS", "ZEUS", "{8349A2E5-DBE0-4106-90AF-0C8C291839F9}"
EndProject
Project("{9A19103F-16F7-4668-BE54-9A1E7A4F7556}") = "ZEUS", "ZEUS\src\ZEUS.csproj", "{C31F61CA-7FEF-4A76-B90A-543C74C6A391}"
EndProject
Project("{2150E333-8FDC-42A3-9474-1A3956D46DE8}") = "test", "test", "{CEC37DAA-E5EE-418F-A629-4D1063572C2A}"
EndProject
Project("{9A19103F-16F7-4668-BE54-9A1E7A4F7556}") = "ZEUS.Tests", "ZEUS\test\ZEUS.Tests\ZEUS.Tests.csproj", "{EF769F4C-264E-4D63-81FA-914EB3E6EC48}"
EndProject
Global
	GlobalSection(SolutionConfigurationPlatforms) = preSolution
		Debug|Any CPU = Debug|Any CPU
		Release|Any CPU = Release|Any CPU
	EndGlobalSection
	GlobalSection(ProjectConfigurationPlatforms) = postSolution
		{D0EACACA-ADBF-4070-ABE8-136A152C207B}.Debug|Any CPU.ActiveCfg = Debug|Any CPU
		{D0EACACA-ADBF-4070-ABE8-136A152C207B}.Debug|Any CPU.Build.0 = Debug|Any CPU
		{D0EACACA-ADBF-4070-ABE8-136A152C207B}.Release|Any CPU.ActiveCfg = Release|Any CPU
		{D0EACACA-ADBF-4070-ABE8-136A152C207B}.Release|Any CPU.Build.0 = Release|Any CPU
		{C31F61CA-7FEF-4A76-B90A-543C74C6A391}.Debug|Any CPU.ActiveCfg = Debug|Any CPU
		{C31F61CA-7FEF-4A76-B90A-543C74C6A391}.Debug|Any CPU.Build.0 = Debug|Any CPU
		{C31F61CA-7FEF-4A76-B90A-543C74C6A391}.Release|Any CPU.ActiveCfg = Release|Any CPU
		{C31F61CA-7FEF-4A76-B90A-543C74C6A391}.Release|Any CPU.Build.0 = Release|Any CPU
		{EF769F4C-264E-4D63-81FA-914EB3E6EC48}.Debug|Any CPU.ActiveCfg = Debug|Any CPU
		{EF769F4C-264E-4D63-81FA-914EB3E6EC48}.Debug|Any CPU.Build.0 = Debug|Any CPU
		{EF769F4C-264E-4D63-81FA-914EB3E6EC48}.Release|Any CPU.ActiveCfg = Release|Any CPU
		{EF769F4C-264E-4D63-81FA-914EB3E6EC48}.Release|Any CPU.Build.0 = Release|Any CPU
	EndGlobalSection
	GlobalSection(SolutionProperties) = preSolution
		HideSolutionNode = FALSE
	EndGlobalSection
	GlobalSection(NestedProjects) = preSolution
		{C31F61CA-7FEF-4A76-B90A-543C74C6A391} = {8349A2E5-DBE0-4106-90AF-0C8C291839F9}
		{CEC37DAA-E5EE-418F-A629-4D1063572C2A} = {8349A2E5-DBE0-4106-90AF-0C8C291839F9}
		{EF769F4C-264E-4D63-81FA-914EB3E6EC48} = {CEC37DAA-E5EE-418F-A629-4D1063572C2A}
	EndGlobalSection
	GlobalSection(ExtensibilityGlobals) = postSolution
		SolutionGuid = {CEDE5EB6-3444-4276-B819-B37C688795F7}
	EndGlobalSection
EndGlobal
